
Microsoft Visual Studio Solution File, Format Version 12.00
# Visual Studio 15
Project("{FAE04EC0-301F-11D3-BF4B-00C04F79EFBC}") = "Assembly-CSharp", "Assembly-CSharp.csproj", "{56DF0DC9-9E41-12FB-141E-91A03B903FE5}"
EndProject
Project("{FAE04EC0-301F-11D3-BF4B-00C04F79EFBC}") = "EditorMigrationScripts", "EditorMigrationScripts.csproj", "{97AE03E9-82B2-BA82-9249-774BAA7D31B0}"
EndProject
Global
	GlobalSection(SolutionConfigurationPlatforms) = preSolution
		Debug|Any CPU = Debug|Any CPU
		Release|Any CPU = Release|Any CPU
	EndGlobalSection
	GlobalSection(ProjectConfigurationPlatforms) = postSolution
		{56DF0DC9-9E41-12FB-141E-91A03B903FE5}.Debug|Any CPU.ActiveCfg = Debug|Any CPU
		{56DF0DC9-9E41-12FB-141E-91A03B903FE5}.Debug|Any CPU.Build.0 = Debug|Any CPU
		{56DF0DC9-9E41-12FB-141E-91A03B903FE5}.Release|Any CPU.ActiveCfg = Release|Any CPU
		{56DF0DC9-9E41-12FB-141E-91A03B903FE5}.Release|Any CPU.Build.0 = Release|Any CPU
		{97AE03E9-82B2-BA82-9249-774BAA7D31B0}.Debug|Any CPU.ActiveCfg = Debug|Any CPU
		{97AE03E9-82B2-BA82-9249-774BAA7D31B0}.Debug|Any CPU.Build.0 = Debug|Any CPU
		{97AE03E9-82B2-BA82-9249-774BAA7D31B0}.Release|Any CPU.ActiveCfg = Release|Any CPU
		{97AE03E9-82B2-BA82-9249-774BAA7D31B0}.Release|Any CPU.Build.0 = Release|Any CPU
	EndGlobalSection
	GlobalSection(SolutionProperties) = preSolution
		HideSolutionNode = FALSE
	EndGlobalSection
EndGlobal
